
Microsoft Visual Studio Solution File, Format Version 12.00
# Visual Studio 2012
Project("{FAE04EC0-301F-11D3-BF4B-00C04F79EFBC}") = "SipekSdk", "SipekSdk\SipekSdk.csproj", "{9D15571B-AF8A-40AB-B182-C5E8B7761B51}"
EndProject
Project("{FAE04EC0-301F-11D3-BF4B-00C04F79EFBC}") = "Sipek", "Sipek\Sipek.csproj", "{30B5A1AD-DFC6-41F3-97F4-968282D6056C}"
EndProject
Project("{FAE04EC0-301F-11D3-BF4B-00C04F79EFBC}") = "WaveLibMixer", "WaveLibMixer\WaveLibMixer.csproj", "{6F3FA628-01C6-48AF-9D1A-9BB1EAF8D259}"
EndProject
Global
	GlobalSection(SolutionConfigurationPlatforms) = preSolution
		Debug|Any CPU = Debug|Any CPU
		Debug|Mixed Platforms = Debug|Mixed Platforms
		Debug|x64 = Debug|x64
		Debug|x86 = Debug|x86
		Release|Any CPU = Release|Any CPU
		Release|Mixed Platforms = Release|Mixed Platforms
		Release|x64 = Release|x64
		Release|x86 = Release|x86
	EndGlobalSection
	GlobalSection(ProjectConfigurationPlatforms) = postSolution
		{9D15571B-AF8A-40AB-B182-C5E8B7761B51}.Debug|Any CPU.ActiveCfg = Debug|Any CPU
		{9D15571B-AF8A-40AB-B182-C5E8B7761B51}.Debug|Any CPU.Build.0 = Debug|Any CPU
		{9D15571B-AF8A-40AB-B182-C5E8B7761B51}.Debug|Mixed Platforms.ActiveCfg = Debug|Any CPU
		{9D15571B-AF8A-40AB-B182-C5E8B7761B51}.Debug|Mixed Platforms.Build.0 = Debug|Any CPU
		{9D15571B-AF8A-40AB-B182-C5E8B7761B51}.Debug|x64.ActiveCfg = Debug|Any CPU
		{9D15571B-AF8A-40AB-B182-C5E8B7761B51}.Debug|x86.ActiveCfg = Debug|Any CPU
		{9D15571B-AF8A-40AB-B182-C5E8B7761B51}.Release|Any CPU.ActiveCfg = Release|Any CPU
		{9D15571B-AF8A-40AB-B182-C5E8B7761B51}.Release|Any CPU.Build.0 = Release|Any CPU
		{9D15571B-AF8A-40AB-B182-C5E8B7761B51}.Release|Mixed Platforms.ActiveCfg = Release|Any CPU
		{9D15571B-AF8A-40AB-B182-C5E8B7761B51}.Release|Mixed Platforms.Build.0 = Release|Any CPU
		{9D15571B-AF8A-40AB-B182-C5E8B7761B51}.Release|x64.ActiveCfg = Release|Any CPU
		{9D15571B-AF8A-40AB-B182-C5E8B7761B51}.Release|x86.ActiveCfg = Release|Any CPU
		{30B5A1AD-DFC6-41F3-97F4-968282D6056C}.Debug|Any CPU.ActiveCfg = Debug|Any CPU
		{30B5A1AD-DFC6-41F3-97F4-968282D6056C}.Debug|Any CPU.Build.0 = Debug|Any CPU
		{30B5A1AD-DFC6-41F3-97F4-968282D6056C}.Debug|Mixed Platforms.ActiveCfg = Debug|Any CPU
		{30B5A1AD-DFC6-41F3-97F4-968282D6056C}.Debug|Mixed Platforms.Build.0 = Debug|Any CPU
		{30B5A1AD-DFC6-41F3-97F4-968282D6056C}.Debug|x64.ActiveCfg = Debug|Any CPU
		{30B5A1AD-DFC6-41F3-97F4-968282D6056C}.Debug|x86.ActiveCfg = Debug|Any CPU
		{30B5A1AD-DFC6-41F3-97F4-968282D6056C}.Release|Any CPU.ActiveCfg = Release|Any CPU
		{30B5A1AD-DFC6-41F3-97F4-968282D6056C}.Release|Any CPU.Build.0 = Release|Any CPU
		{30B5A1AD-DFC6-41F3-97F4-968282D6056C}.Release|Mixed Platforms.ActiveCfg = Release|Any CPU
		{30B5A1AD-DFC6-41F3-97F4-968282D6056C}.Release|Mixed Platforms.Build.0 = Release|Any CPU
		{30B5A1AD-DFC6-41F3-97F4-968282D6056C}.Release|x64.ActiveCfg = Release|Any CPU
		{30B5A1AD-DFC6-41F3-97F4-968282D6056C}.Release|x86.ActiveCfg = Release|Any CPU
		{6F3FA628-01C6-48AF-9D1A-9BB1EAF8D259}.Debug|Any CPU.ActiveCfg = Debug|Any CPU
		{6F3FA628-01C6-48AF-9D1A-9BB1EAF8D259}.Debug|Any CPU.Build.0 = Debug|Any CPU
		{6F3FA628-01C6-48AF-9D1A-9BB1EAF8D259}.Debug|Mixed Platforms.ActiveCfg = Debug|x86
		{6F3FA628-01C6-48AF-9D1A-9BB1EAF8D259}.Debug|Mixed Platforms.Build.0 = Debug|x86
		{6F3FA628-01C6-48AF-9D1A-9BB1EAF8D259}.Debug|x64.ActiveCfg = Debug|x64
		{6F3FA628-01C6-48AF-9D1A-9BB1EAF8D259}.Debug|x64.Build.0 = Debug|x64
		{6F3FA628-01C6-48AF-9D1A-9BB1EAF8D259}.Debug|x86.ActiveCfg = Debug|x86
		{6F3FA628-01C6-48AF-9D1A-9BB1EAF8D259}.Debug|x86.Build.0 = Debug|x86
		{6F3FA628-01C6-48AF-9D1A-9BB1EAF8D259}.Release|Any CPU.ActiveCfg = Release|Any CPU
		{6F3FA628-01C6-48AF-9D1A-9BB1EAF8D259}.Release|Any CPU.Build.0 = Release|Any CPU
		{6F3FA628-01C6-48AF-9D1A-9BB1EAF8D259}.Release|Mixed Platforms.ActiveCfg = Release|x86
		{6F3FA628-01C6-48AF-9D1A-9BB1EAF8D259}.Release|Mixed Platforms.Build.0 = Release|x86
		{6F3FA628-01C6-48AF-9D1A-9BB1EAF8D259}.Release|x64.ActiveCfg = Release|x64
		{6F3FA628-01C6-48AF-9D1A-9BB1EAF8D259}.Release|x64.Build.0 = Release|x64
		{6F3FA628-01C6-48AF-9D1A-9BB1EAF8D259}.Release|x86.ActiveCfg = Release|x86
		{6F3FA628-01C6-48AF-9D1A-9BB1EAF8D259}.Release|x86.Build.0 = Release|x86
	EndGlobalSection
	GlobalSection(SolutionProperties) = preSolution
		HideSolutionNode = FALSE
	EndGlobalSection
EndGlobal
